
Microsoft Visual Studio Solution File, Format Version 12.00
# Visual Studio 15
VisualStudioVersion = 15.0.27004.2009
MinimumVisualStudioVersion = 10.0.40219.1
Project("{9A19103F-16F7-4668-BE54-9A1E7A4F7556}") = "BizArk.Core", "BizArk.Core\BizArk.Core.csproj", "{8D3E6472-7E47-4266-947B-659F17F641F1}"
EndProject
Project("{2150E333-8FDC-42A3-9474-1A3956D46DE8}") = ".nuget", ".nuget", "{ED31A0DB-BB8F-42AF-8140-4354CAC82AFB}"
	ProjectSection(SolutionItems) = preProject
		.nuget\NuGet.Config = .nuget\NuGet.Config
		.nuget\NuGet.exe = .nuget\NuGet.exe
		.nuget\NuGet.targets = .nuget\NuGet.targets
	EndProjectSection
EndProject
Project("{9A19103F-16F7-4668-BE54-9A1E7A4F7556}") = "BizArk.ConsoleApp", "BizArk.ConsoleApp\BizArk.ConsoleApp.csproj", "{61EA82FA-0C12-4DF8-A7B6-BEBA75C80145}"
EndProject
Project("{9A19103F-16F7-4668-BE54-9A1E7A4F7556}") = "BizArk.Data.SqlServer", "BizArk.Data.SqlServer\BizArk.Data.SqlServer.csproj", "{15A40BCD-8369-4C9A-B209-BB8E2862002E}"
EndProject
Project("{FAE04EC0-301F-11D3-BF4B-00C04F79EFBC}") = "BizArk.Core.Tests", "BizArk.Core.Tests\BizArk.Core.Tests.csproj", "{4FA02D49-CC47-4C84-AE05-8A201535749F}"
EndProject
Project("{FAE04EC0-301F-11D3-BF4B-00C04F79EFBC}") = "BizArk.ConsoleApp.Tests", "BizArk.ConsoleApp.Tests\BizArk.ConsoleApp.Tests.csproj", "{43619FF4-72CB-4CDE-AA97-450D66BA78E7}"
EndProject
Project("{FAE04EC0-301F-11D3-BF4B-00C04F79EFBC}") = "BizArk.Data.SqlServer.Tests", "BizArk.Data.SqlServer.Tests\BizArk.Data.SqlServer.Tests.csproj", "{42299282-0DBC-45E5-8E12-35E9666D531D}"
EndProject
Project("{FAE04EC0-301F-11D3-BF4B-00C04F79EFBC}") = "BizArk.ConsoleApp.Sample", "BizArk.ConsoleApp.Sample\BizArk.ConsoleApp.Sample.csproj", "{E72AEF2F-4296-4CC9-A0F1-3037C3D148A9}"
EndProject
Global
	GlobalSection(SolutionConfigurationPlatforms) = preSolution
		Debug|Any CPU = Debug|Any CPU
		Debug|x86 = Debug|x86
		Release|Any CPU = Release|Any CPU
		Release|x86 = Release|x86
	EndGlobalSection
	GlobalSection(ProjectConfigurationPlatforms) = postSolution
		{8D3E6472-7E47-4266-947B-659F17F641F1}.Debug|Any CPU.ActiveCfg = Debug|Any CPU
		{8D3E6472-7E47-4266-947B-659F17F641F1}.Debug|Any CPU.Build.0 = Debug|Any CPU
		{8D3E6472-7E47-4266-947B-659F17F641F1}.Debug|x86.ActiveCfg = Debug|Any CPU
		{8D3E6472-7E47-4266-947B-659F17F641F1}.Debug|x86.Build.0 = Debug|Any CPU
		{8D3E6472-7E47-4266-947B-659F17F641F1}.Release|Any CPU.ActiveCfg = Release|Any CPU
		{8D3E6472-7E47-4266-947B-659F17F641F1}.Release|Any CPU.Build.0 = Release|Any CPU
		{8D3E6472-7E47-4266-947B-659F17F641F1}.Release|x86.ActiveCfg = Release|Any CPU
		{8D3E6472-7E47-4266-947B-659F17F641F1}.Release|x86.Build.0 = Release|Any CPU
		{61EA82FA-0C12-4DF8-A7B6-BEBA75C80145}.Debug|Any CPU.ActiveCfg = Debug|Any CPU
		{61EA82FA-0C12-4DF8-A7B6-BEBA75C80145}.Debug|Any CPU.Build.0 = Debug|Any CPU
		{61EA82FA-0C12-4DF8-A7B6-BEBA75C80145}.Debug|x86.ActiveCfg = Debug|Any CPU
		{61EA82FA-0C12-4DF8-A7B6-BEBA75C80145}.Debug|x86.Build.0 = Debug|Any CPU
		{61EA82FA-0C12-4DF8-A7B6-BEBA75C80145}.Release|Any CPU.ActiveCfg = Release|Any CPU
		{61EA82FA-0C12-4DF8-A7B6-BEBA75C80145}.Release|Any CPU.Build.0 = Release|Any CPU
		{61EA82FA-0C12-4DF8-A7B6-BEBA75C80145}.Release|x86.ActiveCfg = Release|Any CPU
		{61EA82FA-0C12-4DF8-A7B6-BEBA75C80145}.Release|x86.Build.0 = Release|Any CPU
		{15A40BCD-8369-4C9A-B209-BB8E2862002E}.Debug|Any CPU.ActiveCfg = Debug|Any CPU
		{15A40BCD-8369-4C9A-B209-BB8E2862002E}.Debug|Any CPU.Build.0 = Debug|Any CPU
		{15A40BCD-8369-4C9A-B209-BB8E2862002E}.Debug|x86.ActiveCfg = Debug|Any CPU
		{15A40BCD-8369-4C9A-B209-BB8E2862002E}.Debug|x86.Build.0 = Debug|Any CPU
		{15A40BCD-8369-4C9A-B209-BB8E2862002E}.Release|Any CPU.ActiveCfg = Release|Any CPU
		{15A40BCD-8369-4C9A-B209-BB8E2862002E}.Release|Any CPU.Build.0 = Release|Any CPU
		{15A40BCD-8369-4C9A-B209-BB8E2862002E}.Release|x86.ActiveCfg = Release|Any CPU
		{15A40BCD-8369-4C9A-B209-BB8E2862002E}.Release|x86.Build.0 = Release|Any CPU
		{4FA02D49-CC47-4C84-AE05-8A201535749F}.Debug|Any CPU.ActiveCfg = Debug|Any CPU
		{4FA02D49-CC47-4C84-AE05-8A201535749F}.Debug|Any CPU.Build.0 = Debug|Any CPU
		{4FA02D49-CC47-4C84-AE05-8A201535749F}.Debug|x86.ActiveCfg = Debug|Any CPU
		{4FA02D49-CC47-4C84-AE05-8A201535749F}.Debug|x86.Build.0 = Debug|Any CPU
		{4FA02D49-CC47-4C84-AE05-8A201535749F}.Release|Any CPU.ActiveCfg = Release|Any CPU
		{4FA02D49-CC47-4C84-AE05-8A201535749F}.Release|Any CPU.Build.0 = Release|Any CPU
		{4FA02D49-CC47-4C84-AE05-8A201535749F}.Release|x86.ActiveCfg = Release|Any CPU
		{4FA02D49-CC47-4C84-AE05-8A201535749F}.Release|x86.Build.0 = Release|Any CPU
		{43619FF4-72CB-4CDE-AA97-450D66BA78E7}.Debug|Any CPU.ActiveCfg = Debug|Any CPU
		{43619FF4-72CB-4CDE-AA97-450D66BA78E7}.Debug|Any CPU.Build.0 = Debug|Any CPU
		{43619FF4-72CB-4CDE-AA97-450D66BA78E7}.Debug|x86.ActiveCfg = Debug|Any CPU
		{43619FF4-72CB-4CDE-AA97-450D66BA78E7}.Debug|x86.Build.0 = Debug|Any CPU
		{43619FF4-72CB-4CDE-AA97-450D66BA78E7}.Release|Any CPU.ActiveCfg = Release|Any CPU
		{43619FF4-72CB-4CDE-AA97-450D66BA78E7}.Release|Any CPU.Build.0 = Release|Any CPU
		{43619FF4-72CB-4CDE-AA97-450D66BA78E7}.Release|x86.ActiveCfg = Release|Any CPU
		{43619FF4-72CB-4CDE-AA97-450D66BA78E7}.Release|x86.Build.0 = Release|Any CPU
		{42299282-0DBC-45E5-8E12-35E9666D531D}.Debug|Any CPU.ActiveCfg = Debug|Any CPU
		{42299282-0DBC-45E5-8E12-35E9666D531D}.Debug|Any CPU.Build.0 = Debug|Any CPU
		{42299282-0DBC-45E5-8E12-35E9666D531D}.Debug|x86.ActiveCfg = Debug|Any CPU
		{42299282-0DBC-45E5-8E12-35E9666D531D}.Debug|x86.Build.0 = Debug|Any CPU
		{42299282-0DBC-45E5-8E12-35E9666D531D}.Release|Any CPU.ActiveCfg = Release|Any CPU
		{42299282-0DBC-45E5-8E12-35E9666D531D}.Release|Any CPU.Build.0 = Release|Any CPU
		{42299282-0DBC-45E5-8E12-35E9666D531D}.Release|x86.ActiveCfg = Release|Any CPU
		{42299282-0DBC-45E5-8E12-35E9666D531D}.Release|x86.Build.0 = Release|Any CPU
		{E72AEF2F-4296-4CC9-A0F1-3037C3D148A9}.Debug|Any CPU.ActiveCfg = Debug|Any CPU
		{E72AEF2F-4296-4CC9-A0F1-3037C3D148A9}.Debug|Any CPU.Build.0 = Debug|Any CPU
		{E72AEF2F-4296-4CC9-A0F1-3037C3D148A9}.Debug|x86.ActiveCfg = Debug|Any CPU
		{E72AEF2F-4296-4CC9-A0F1-3037C3D148A9}.Debug|x86.Build.0 = Debug|Any CPU
		{E72AEF2F-4296-4CC9-A0F1-3037C3D148A9}.Release|Any CPU.ActiveCfg = Release|Any CPU
		{E72AEF2F-4296-4CC9-A0F1-3037C3D148A9}.Release|Any CPU.Build.0 = Release|Any CPU
		{E72AEF2F-4296-4CC9-A0F1-3037C3D148A9}.Release|x86.ActiveCfg = Release|Any CPU
		{E72AEF2F-4296-4CC9-A0F1-3037C3D148A9}.Release|x86.Build.0 = Release|Any CPU
	EndGlobalSection
	GlobalSection(SolutionProperties) = preSolution
		HideSolutionNode = FALSE
	EndGlobalSection
	GlobalSection(ExtensibilityGlobals) = postSolution
		SolutionGuid = {D62CA603-3ED6-4250-8AD4-4ECACD87E703}
	EndGlobalSection
EndGlobal
